
Microsoft Visual Studio Solution File, Format Version 12.00
Project("{FAE04EC0-301F-11D3-BF4B-00C04F79EFBC}") = "ChatSinalR", "ChatSinalR\ChatSinalR.csproj", "{C2DA4F32-D510-4EC3-94FB-86B46BADD248}"
EndProject
Project("{2150E333-8FDC-42A3-9474-1A3956D46DE8}") = "Solution Items", "Solution Items", "{9C73024F-E69C-4AB8-8523-D20F3A98D742}"
	ProjectSection(SolutionItems) = preProject
		compose.yaml = compose.yaml
	EndProjectSection
EndProject
Global
	GlobalSection(SolutionConfigurationPlatforms) = preSolution
		Debug|Any CPU = Debug|Any CPU
		Release|Any CPU = Release|Any CPU
	EndGlobalSection
	GlobalSection(ProjectConfigurationPlatforms) = postSolution
		{C2DA4F32-D510-4EC3-94FB-86B46BADD248}.Debug|Any CPU.ActiveCfg = Debug|Any CPU
		{C2DA4F32-D510-4EC3-94FB-86B46BADD248}.Debug|Any CPU.Build.0 = Debug|Any CPU
		{C2DA4F32-D510-4EC3-94FB-86B46BADD248}.Release|Any CPU.ActiveCfg = Release|Any CPU
		{C2DA4F32-D510-4EC3-94FB-86B46BADD248}.Release|Any CPU.Build.0 = Release|Any CPU
	EndGlobalSection
EndGlobal
